
Microsoft Visual Studio Solution File, Format Version 12.00
# Visual Studio Version 17
VisualStudioVersion = 17.14.36408.4 d17.14
MinimumVisualStudioVersion = 10.0.40219.1
Project("{FAE04EC0-301F-11D3-BF4B-00C04F79EFBC}") = "OOP_Basics", "OOP_Basics\OOP_Basics.csproj", "{9C0BB1A3-77C2-423F-9ED7-E9B70CA5A57B}"
EndProject
Global
	GlobalSection(SolutionConfigurationPlatforms) = preSolution
		Debug|Any CPU = Debug|Any CPU
		Release|Any CPU = Release|Any CPU
	EndGlobalSection
	GlobalSection(ProjectConfigurationPlatforms) = postSolution
		{9C0BB1A3-77C2-423F-9ED7-E9B70CA5A57B}.Debug|Any CPU.ActiveCfg = Debug|Any CPU
		{9C0BB1A3-77C2-423F-9ED7-E9B70CA5A57B}.Debug|Any CPU.Build.0 = Debug|Any CPU
		{9C0BB1A3-77C2-423F-9ED7-E9B70CA5A57B}.Release|Any CPU.ActiveCfg = Release|Any CPU
		{9C0BB1A3-77C2-423F-9ED7-E9B70CA5A57B}.Release|Any CPU.Build.0 = Release|Any CPU
	EndGlobalSection
	GlobalSection(SolutionProperties) = preSolution
		HideSolutionNode = FALSE
	EndGlobalSection
	GlobalSection(ExtensibilityGlobals) = postSolution
		SolutionGuid = {BDB650FB-2837-49FA-8BCE-6631BA6DFF51}
	EndGlobalSection
EndGlobal
